
Microsoft Visual Studio Solution File, Format Version 12.00
# Visual Studio Version 16
VisualStudioVersion = 16.0.31205.134
MinimumVisualStudioVersion = 10.0.40219.1
Project("{FAE04EC0-301F-11D3-BF4B-00C04F79EFBC}") = "my-books", "my-books\my-books.csproj", "{DE36C9AE-087D-45D5-9CE5-B3B392FED75D}"
EndProject
Global
	GlobalSection(SolutionConfigurationPlatforms) = preSolution
		Debug|Any CPU = Debug|Any CPU
		Release|Any CPU = Release|Any CPU
	EndGlobalSection
	GlobalSection(ProjectConfigurationPlatforms) = postSolution
		{DE36C9AE-087D-45D5-9CE5-B3B392FED75D}.Debug|Any CPU.ActiveCfg = Debug|Any CPU
		{DE36C9AE-087D-45D5-9CE5-B3B392FED75D}.Debug|Any CPU.Build.0 = Debug|Any CPU
		{DE36C9AE-087D-45D5-9CE5-B3B392FED75D}.Release|Any CPU.ActiveCfg = Release|Any CPU
		{DE36C9AE-087D-45D5-9CE5-B3B392FED75D}.Release|Any CPU.Build.0 = Release|Any CPU
	EndGlobalSection
	GlobalSection(SolutionProperties) = preSolution
		HideSolutionNode = FALSE
	EndGlobalSection
	GlobalSection(ExtensibilityGlobals) = postSolution
		SolutionGuid = {8D2C5E57-7FF7-456E-A4FC-2967958C4B4C}
	EndGlobalSection
EndGlobal
